
Microsoft Visual Studio Solution File, Format Version 12.00
# Visual Studio Version 17
VisualStudioVersion = 17.9.34723.18
MinimumVisualStudioVersion = 10.0.40219.1
Project("{8BC9CEB8-8B4A-11D0-8D11-00A0C91BC942}") = "GameServer", "GameServer\GameServer.vcxproj", "{5888C6F2-8F3F-4093-B6D7-2A133E660E3E}"
EndProject
Project("{8BC9CEB8-8B4A-11D0-8D11-00A0C91BC942}") = "DummyClient", "DummyClient\DummyClient.vcxproj", "{ED9972B4-2A7D-411F-B1CD-DE33C8A5E8C7}"
EndProject
Project("{8BC9CEB8-8B4A-11D0-8D11-00A0C91BC942}") = "ServerCore", "ServerCore\ServerCore.vcxproj", "{AC68EB36-F292-4478-8CDA-241665ED0BEC}"
EndProject
Global
	GlobalSection(SolutionConfigurationPlatforms) = preSolution
		Debug|x64 = Debug|x64
		Debug|x86 = Debug|x86
		Release|x64 = Release|x64
		Release|x86 = Release|x86
	EndGlobalSection
	GlobalSection(ProjectConfigurationPlatforms) = postSolution
		{5888C6F2-8F3F-4093-B6D7-2A133E660E3E}.Debug|x64.ActiveCfg = Debug|x64
		{5888C6F2-8F3F-4093-B6D7-2A133E660E3E}.Debug|x64.Build.0 = Debug|x64
		{5888C6F2-8F3F-4093-B6D7-2A133E660E3E}.Debug|x86.ActiveCfg = Debug|Win32
		{5888C6F2-8F3F-4093-B6D7-2A133E660E3E}.Debug|x86.Build.0 = Debug|Win32
		{5888C6F2-8F3F-4093-B6D7-2A133E660E3E}.Release|x64.ActiveCfg = Release|x64
		{5888C6F2-8F3F-4093-B6D7-2A133E660E3E}.Release|x64.Build.0 = Release|x64
		{5888C6F2-8F3F-4093-B6D7-2A133E660E3E}.Release|x86.ActiveCfg = Release|Win32
		{5888C6F2-8F3F-4093-B6D7-2A133E660E3E}.Release|x86.Build.0 = Release|Win32
		{ED9972B4-2A7D-411F-B1CD-DE33C8A5E8C7}.Debug|x64.ActiveCfg = Debug|x64
		{ED9972B4-2A7D-411F-B1CD-DE33C8A5E8C7}.Debug|x64.Build.0 = Debug|x64
		{ED9972B4-2A7D-411F-B1CD-DE33C8A5E8C7}.Debug|x86.ActiveCfg = Debug|Win32
		{ED9972B4-2A7D-411F-B1CD-DE33C8A5E8C7}.Debug|x86.Build.0 = Debug|Win32
		{ED9972B4-2A7D-411F-B1CD-DE33C8A5E8C7}.Release|x64.ActiveCfg = Release|x64
		{ED9972B4-2A7D-411F-B1CD-DE33C8A5E8C7}.Release|x64.Build.0 = Release|x64
		{ED9972B4-2A7D-411F-B1CD-DE33C8A5E8C7}.Release|x86.ActiveCfg = Release|Win32
		{ED9972B4-2A7D-411F-B1CD-DE33C8A5E8C7}.Release|x86.Build.0 = Release|Win32
		{AC68EB36-F292-4478-8CDA-241665ED0BEC}.Debug|x64.ActiveCfg = Debug|x64
		{AC68EB36-F292-4478-8CDA-241665ED0BEC}.Debug|x64.Build.0 = Debug|x64
		{AC68EB36-F292-4478-8CDA-241665ED0BEC}.Debug|x86.ActiveCfg = Debug|Win32
		{AC68EB36-F292-4478-8CDA-241665ED0BEC}.Debug|x86.Build.0 = Debug|Win32
		{AC68EB36-F292-4478-8CDA-241665ED0BEC}.Release|x64.ActiveCfg = Release|x64
		{AC68EB36-F292-4478-8CDA-241665ED0BEC}.Release|x64.Build.0 = Release|x64
		{AC68EB36-F292-4478-8CDA-241665ED0BEC}.Release|x86.ActiveCfg = Release|Win32
		{AC68EB36-F292-4478-8CDA-241665ED0BEC}.Release|x86.Build.0 = Release|Win32
	EndGlobalSection
	GlobalSection(SolutionProperties) = preSolution
		HideSolutionNode = FALSE
	EndGlobalSection
	GlobalSection(ExtensibilityGlobals) = postSolution
		SolutionGuid = {1281D70F-6C96-46EE-86F7-CA0B5D01E2F4}
	EndGlobalSection
EndGlobal
