<?xml version="1.0" encoding="utf-8"?>
<Project ToolsVersion="4.0" xmlns="http://schemas.microsoft.com/developer/msbuild/2003">
  <ItemGroup>
    <Filter Include="Main">
      <UniqueIdentifier>{b164f73a-6a9b-4bcf-ae39-466f04490001}</UniqueIdentifier>
    </Filter>
    <Filter Include="Utils">
      <UniqueIdentifier>{30bac461-64e1-4680-bb45-1585db2cef6d}</UniqueIdentifier>
    </Filter>
  </ItemGroup>
  <ItemGroup>
    <ClCompile Include="2024-05-09_Multithread.cpp">
      <Filter>Main</Filter>
    </ClCompile>
    <ClCompile Include="pch.cpp">
      <Filter>Utils</Filter>
    </ClCompile>
    <ClCompile Include="2024-05-11_Atomic.cpp">
      <Filter>Main</Filter>
    </ClCompile>
    <ClCompile Include="2024-05-11_Lock.cpp">
      <Filter>Main</Filter>
    </ClCompile>
    <ClCompile Include="2024-05-12_DeadLock.cpp">
      <Filter>Main</Filter>
    </ClCompile>
    <ClCompile Include="2024-11-25_SpinLock.cpp">
      <Filter>Main</Filter>
    </ClCompile>
    <ClCompile Include="Event.cpp">
      <Filter>Main</Filter>
    </ClCompile>
    <ClCompile Include="Future.cpp">
      <Filter>Main</Filter>
    </ClCompile>
    <ClCompile Include="Cache.cpp">
      <Filter>Main</Filter>
    </ClCompile>
    <ClCompile Include="CpuPipeline.cpp">
      <Filter>Main</Filter>
    </ClCompile>
    <ClCompile Include="2024-02-09_Thread Local Storage.cpp">
      <Filter>Main</Filter>
    </ClCompile>
    <ClCompile Include="Lock-Based_Stack-Queue.cpp">
      <Filter>Main</Filter>
    </ClCompile>
    <ClCompile Include="ConcurrentQueue.cpp">
      <Filter>Main</Filter>
    </ClCompile>
    <ClCompile Include="ConcurrentStack.cpp">
      <Filter>Main</Filter>
    </ClCompile>
    <ClCompile Include="2025-02-17_ThreadManager.cpp">
      <Filter>Main</Filter>
    </ClCompile>
    <ClCompile Include="Reader-Writer-Lock.cpp">
      <Filter>Main</Filter>
    </ClCompile>
  </ItemGroup>
  <ItemGroup>
    <ClInclude Include="pch.h">
      <Filter>Utils</Filter>
    </ClInclude>
    <ClInclude Include="ConcurrentStack.h">
      <Filter>Main</Filter>
    </ClInclude>
    <ClInclude Include="ConcurrentQueue.h">
      <Filter>Main</Filter>
    </ClInclude>
  </ItemGroup>
</Project>